
Microsoft Visual Studio Solution File, Format Version 12.00
# Visual Studio Version 16
VisualStudioVersion = 16.0.30907.101
MinimumVisualStudioVersion = 10.0.40219.1
Project("{FAE04EC0-301F-11D3-BF4B-00C04F79EFBC}") = "ClassExerc1", "ClassExerc1\ClassExerc1.csproj", "{928F156F-F657-4A17-8691-468A0E12423B}"
EndProject
Global
	GlobalSection(SolutionConfigurationPlatforms) = preSolution
		Debug|Any CPU = Debug|Any CPU
		Release|Any CPU = Release|Any CPU
	EndGlobalSection
	GlobalSection(ProjectConfigurationPlatforms) = postSolution
		{928F156F-F657-4A17-8691-468A0E12423B}.Debug|Any CPU.ActiveCfg = Debug|Any CPU
		{928F156F-F657-4A17-8691-468A0E12423B}.Debug|Any CPU.Build.0 = Debug|Any CPU
		{928F156F-F657-4A17-8691-468A0E12423B}.Release|Any CPU.ActiveCfg = Release|Any CPU
		{928F156F-F657-4A17-8691-468A0E12423B}.Release|Any CPU.Build.0 = Release|Any CPU
	EndGlobalSection
	GlobalSection(SolutionProperties) = preSolution
		HideSolutionNode = FALSE
	EndGlobalSection
	GlobalSection(ExtensibilityGlobals) = postSolution
		SolutionGuid = {88D0FF29-E7D9-4447-8554-7EFA4C627BFA}
	EndGlobalSection
EndGlobal
